github.com/gethugothemes/hugo-modules/accordion v0.0.0-20251015025058-e7199bf4215b h1:BGqBCwB1Q+BMlLuiedxz4Pt2vW4GBO4KsX15o6sG6X8=
github.com/gethugothemes/hugo-modules/accordion v0.0.0-20251015025058-e7199bf4215b/go.mod h1:D4DpauKPDcUHI9CVKYmJeO6bkSJIhUN864TyXZ2o0VI=
github.com/gethugothemes/hugo-modules/adsense v0.0.0-20251015025058-e7199bf4215b h1:KW1kmjMVJ/JCnGRjA5A/vc5p6JTWLPLemY+lLdZ0zgs=
github.com/gethugothemes/hugo-modules/adsense v0.0.0-20251015025058-e7199bf4215b/go.mod h1:8p/gG/cyyu20z4q5cFN/JGE5TOFA55Xsp+aIP9KCsqo=
github.com/gethugothemes/hugo-modules/components/announcement v0.0.0-20251015025058-e7199bf4215b h1:rs43HoKwYdGX/+LBIcZmZ0nP4+UGJZDOKLIeYu74rcs=
github.com/gethugothemes/hugo-modules/components/announcement v0.0.0-20251015025058-e7199bf4215b/go.mod h1:BO6vbFLvEgb45epi/QtUkQmTyqsWSwxIqTpwDvqJFHk=
github.com/gethugothemes/hugo-modules/components/cookie-consent v0.0.0-20251015025058-e7199bf4215b h1:/2eNOZ/8phDe5Z6G8AyWI6l3q1i9ZXQOfqJCYNFmxOU=
github.com/gethugothemes/hugo-modules/components/cookie-consent v0.0.0-20251015025058-e7199bf4215b/go.mod h1:511ERLpGe3ZTfV2z/NAtUSR5NqKF26h9z5lU/zYV4YQ=
github.com/gethugothemes/hugo-modules/components/custom-script v0.0.0-20251015025058-e7199bf4215b h1:zJodS8G0TsrLctzb9wXgWEZkLf3WsfX5XdNGKvj6Fe8=
github.com/gethugothemes/hugo-modules/components/custom-script v0.0.0-20251015025058-e7199bf4215b/go.mod h1:RuDHq4WnK8sNEzAIJr4BZQ7oXhzcct/EKaAxc2Xvi9E=
github.com/gethugothemes/hugo-modules/components/preloader v0.0.0-20251015025058-e7199bf4215b h1:Pdg08YxS7HeQV5mLEvPDyaghXWyt0xtRsgnw/flxz98=
github.com/gethugothemes/hugo-modules/components/preloader v0.0.0-20251015025058-e7199bf4215b/go.mod h1:FP0iQ3tMOesuWFZhLst2KEvUEYPb5Jk1GW+QBP9lrwg=
github.com/gethugothemes/hugo-modules/components/render-link v0.0.0-20251015025058-e7199bf4215b h1:WOUnyvqFSq9vfpLuFKt32UgZ/QNNh7X0Ssj29PFprk0=
github.com/gethugothemes/hugo-modules/components/render-link v0.0.0-20251015025058-e7199bf4215b/go.mod h1:z3YcIeEBUonAoRDY1/Jv1ojNVkZ5ud35a0Nn8L4Inx0=
github.com/gethugothemes/hugo-modules/components/social-share v0.0.0-20251015025058-e7199bf4215b h1:bSsAxdOQG6QE5NVuCJi3KJrxh7hZkkWev7ZLhaSzVso=
github.com/gethugothemes/hugo-modules/components/social-share v0.0.0-20251015025058-e7199bf4215b/go.mod h1:Gcj4RM/EBECsJMZnPeWjfy/1roRYGqzV9GYNmeHkvFA=
github.com/gethugothemes/hugo-modules/gallery-slider v0.0.0-20251015025058-e7199bf4215b h1:WZNuTxF+xNCWk9P2yN4tRp6qlFC71+cJiABBBVTDdrA=
github.com/gethugothemes/hugo-modules/gallery-slider v0.0.0-20251015025058-e7199bf4215b/go.mod h1:MvQ2js/ofZ22CTX5wuvE+dC0rMe6C5HAWL2fEOu/yzE=
github.com/gethugothemes/hugo-modules/gzip-caching v0.0.0-20251015025058-e7199bf4215b h1:WK2P8VvBViXFR4gaeUxD25HdDvtOQxlL8l8NOSdEBk8=
github.com/gethugothemes/hugo-modules/gzip-caching v0.0.0-20251015025058-e7199bf4215b/go.mod h1:0ZMjTZVG4XLZU2/icc8Saqo4mmgMpfRTrUZU2Aa2Pwg=
github.com/gethugothemes/hugo-modules/icons/font-awesome v0.0.0-20251015025058-e7199bf4215b h1:KHhcYSycfbYZB6tXdLOevhqBDpgAw+iBJMEDEOY/v28=
github.com/gethugothemes/hugo-modules/icons/font-awesome v0.0.0-20251015025058-e7199bf4215b/go.mod h1:d3gy1vQyfasPmGpau7HpQLrXbOv23PfXclSnjyOBxeU=
github.com/gethugothemes/hugo-modules/images v0.0.0-20251015025058-e7199bf4215b h1:fuvCiZ0LE3cbFRlYqs13XF+aNnL+2ZG0UVa2FU0h8/A=
github.com/gethugothemes/hugo-modules/images v0.0.0-20251015025058-e7199bf4215b/go.mod h1:FKliP3qOW9diIcQeLtyZ0Hdhg3PL8bdAkC/6O+XtU90=
github.com/gethugothemes/hugo-modules/modal v0.0.0-20251015025058-e7199bf4215b h1:S8J8XDYOSTPHFq8vTJDagd6YRhYfkbzw8o8T05q2eBU=
github.com/gethugothemes/hugo-modules/modal v0.0.0-20251015025058-e7199bf4215b/go.mod h1:Eb9v7oV6biymfvjcBhQdvgn0gUGYhUtfCMeOBLFpFsk=
github.com/gethugothemes/hugo-modules/pwa v0.0.0-20251015025058-e7199bf4215b h1:HnRFZiDrS9v2fP9KgQMt0YC8xORm5QB+cxoofLRsZpI=
github.com/gethugothemes/hugo-modules/pwa v0.0.0-20251015025058-e7199bf4215b/go.mod h1:TRv7iszdfo37O1PbBEE+S8X/enAdpRIxK5DGrp13Qbo=
github.com/gethugothemes/hugo-modules/search v0.0.0-20251015025058-e7199bf4215b h1:zkZ8/TqeRrwzElqDFRoBourMP3SjpvFDnZruzy/m58s=
github.com/gethugothemes/hugo-modules/search v0.0.0-20251015025058-e7199bf4215b/go.mod h1:tmDvLaZCM+QDvS/WLZXNjY1QTdWh7/68D2wIToECbyA=
github.com/gethugothemes/hugo-modules/seo-tools/basic-seo v0.0.0-20251015025058-e7199bf4215b h1:sPDM1+xXrzrk8iRwMwiTcsGZnmoWyQnqCw38ibKfnwQ=
github.com/gethugothemes/hugo-modules/seo-tools/basic-seo v0.0.0-20251015025058-e7199bf4215b/go.mod h1:Q8dPgjamV7pxwKSQyWV21Xwh5CGi23/k+M8HPTphYbs=
github.com/gethugothemes/hugo-modules/seo-tools/google-tag-manager v0.0.0-20251015025058-e7199bf4215b h1:O9nMZEFkDnsIaWzeuPdURUV/dPDTFKldQDgFKMufzE8=
github.com/gethugothemes/hugo-modules/seo-tools/google-tag-manager v0.0.0-20251015025058-e7199bf4215b/go.mod h1:cCq50yd55eFTrpqOfeyOK5X0hU5E7qxsqOD7IzTsgLA=
github.com/gethugothemes/hugo-modules/seo-tools/site-verifications v0.0.0-20251015025058-e7199bf4215b h1:aQBDZz4QbaOl1R0HLPfpwJubPtnzCw1L3+h+ctTh4js=
github.com/gethugothemes/hugo-modules/seo-tools/site-verifications v0.0.0-20251015025058-e7199bf4215b/go.mod h1:iXielaya126qJscz7Bc2G2WB91moloQOoWru6UoBUyE=
github.com/gethugothemes/hugo-modules/shortcodes/button v0.0.0-20251015025058-e7199bf4215b h1:aHmgwCTfQl0NwliEQlGsY7MOb9QeY+ozDMvt7BMFkiA=
github.com/gethugothemes/hugo-modules/shortcodes/button v0.0.0-20251015025058-e7199bf4215b/go.mod h1:MSvxGvjvcGUKTs6YMATU/9kYFrzW+VSVdy4CCOQLdsY=
github.com/gethugothemes/hugo-modules/shortcodes/notice v0.0.0-20251015025058-e7199bf4215b h1:clCCpvBORK8sOvCaLGyQartuQV5mEwFgutqz45jw0VI=
github.com/gethugothemes/hugo-modules/shortcodes/notice v0.0.0-20251015025058-e7199bf4215b/go.mod h1:ljWyMJx82WA+6SlKjbGFhEdxcriyvUTCjXkJHDa4lho=
github.com/gethugothemes/hugo-modules/tab v0.0.0-20251015025058-e7199bf4215b h1:4mbUiB09n1yS3tfIqqAilOQZRN2bp0L80RMtBm7qlUU=
github.com/gethugothemes/hugo-modules/tab v0.0.0-20251015025058-e7199bf4215b/go.mod h1:h3UxlxrFoU19JldxWLPBKaTZFe3AJtABrqo1wfxr+Ng=
github.com/gethugothemes/hugo-modules/table-of-contents v0.0.0-20251015025058-e7199bf4215b h1:NiTagcO0yW9Y6k7X3JYwTVUuBHPn0jVCeTHDNAlqO7g=
github.com/gethugothemes/hugo-modules/table-of-contents v0.0.0-20251015025058-e7199bf4215b/go.mod h1:bEDw4veccQQQYEdVrfu13ATRUWfW8ptDIjJZuhYh4Tw=
github.com/gethugothemes/hugo-modules/videos v0.0.0-20251015025058-e7199bf4215b h1:/Z2RiP0wOaP2Uw7BS/DGPD6C8otiUY1ELzI/M4A7tkU=
github.com/gethugothemes/hugo-modules/videos v0.0.0-20251015025058-e7199bf4215b/go.mod h1:P722lLWdnNhdZVq6gvMrOLqECUwrAYQWaOWlChta5H0=
github.com/hugomods/mermaid v0.1.4 h1:/u0FZRSBMpqTbDh4XPBL7c6p0DUjvIkoo9cC89GASSI=
github.com/hugomods/mermaid v0.1.4/go.mod h1:GOID2Ko1vdrX03ZMaFNQL/vdTU1tZmGcVjOgBN8O42Y=
github.com/zeon-studio/hugoplate v0.0.0-20251104050017-a3b1005e6f18 h1:F8iuaZiZ6G2ivswyXVaWglmEj9UO82Q7Oo0+br1isH4=
github.com/zeon-studio/hugoplate v0.0.0-20251104050017-a3b1005e6f18/go.mod h1:YlRIwdTWidquf1dhtx+mDfu0I3KVrVQB4wi4UmHlK3E=
